// !$*UTF8*$!
{
	archiveVersion = 1;
	classes = {
	};
	objectVersion = 50;
	objects = {

/* Begin PBXBuildFile section */
		8CFE38FA2317BB4C009036CF /* AppDelegate.swift in Sources */ = {isa = PBXBuildFile; fileRef = 8CFE38F92317BB4C009036CF /* AppDelegate.swift */; };
		8CFE38FC2317BB4C009036CF /* SceneDelegate.swift in Sources */ = {isa = PBXBuildFile; fileRef = 8CFE38FB2317BB4C009036CF /* SceneDelegate.swift */; };
		8CFE38FE2317BB4C009036CF /* ContentView.swift in Sources */ = {isa = PBXBuildFile; fileRef = 8CFE38FD2317BB4C009036CF /* ContentView.swift */; };
		8CFE39002317BB4D009036CF /* Assets.xcassets in Resources */ = {isa = PBXBuildFile; fileRef = 8CFE38FF2317BB4D009036CF /* Assets.xcassets */; };
		8CFE39032317BB4D009036CF /* Preview Assets.xcassets in Resources */ = {isa = PBXBuildFile; fileRef = 8CFE39022317BB4D009036CF /* Preview Assets.xcassets */; };
		8CFE39062317BB4D009036CF /* LaunchScreen.storyboard in Resources */ = {isa = PBXBuildFile; fileRef = 8CFE39042317BB4D009036CF /* LaunchScreen.storyboard */; };
		8CFE390F2317CDF8009036CF /* SystemColor.swift in Sources */ = {isa = PBXBuildFile; fileRef = 8CFE390E2317CDF8009036CF /* SystemColor.swift */; };
		8CFE39122317CE35009036CF /* UIColorExtensions.swift in Sources */ = {isa = PBXBuildFile; fileRef = 8CFE39112317CE35009036CF /* UIColorExtensions.swift */; };
/* End PBXBuildFile section */

/* Begin PBXFileReference section */
		8CFE38F62317BB4C009036CF /* SystemColors.app */ = {isa = PBXFileReference; explicitFileType = wrapper.application; includeInIndex = 0; path = SystemColors.app; sourceTree = BUILT_PRODUCTS_DIR; };
		8CFE38F92317BB4C009036CF /* AppDelegate.swift */ = {isa = PBXFileReference; lastKnownFileType = sourcecode.swift; path = AppDelegate.swift; sourceTree = "<group>"; };
		8CFE38FB2317BB4C009036CF /* SceneDelegate.swift */ = {isa = PBXFileReference; lastKnownFileType = sourcecode.swift; path = SceneDelegate.swift; sourceTree = "<group>"; };
		8CFE38FD2317BB4C009036CF /* ContentView.swift */ = {isa = PBXFileReference; lastKnownFileType = sourcecode.swift; path = ContentView.swift; sourceTree = "<group>"; };
		8CFE38FF2317BB4D009036CF /* Assets.xcassets */ = {isa = PBXFileReference; lastKnownFileType = folder.assetcatalog; path = Assets.xcassets; sourceTree = "<group>"; };
		8CFE39022317BB4D009036CF /* Preview Assets.xcassets */ = {isa = PBXFileReference; lastKnownFileType = folder.assetcatalog; path = "Preview Assets.xcassets"; sourceTree = "<group>"; };
		8CFE39052317BB4D009036CF /* Base */ = {isa = PBXFileReference; lastKnownFileType = file.storyboard; name = Base; path = Base.lproj/LaunchScreen.storyboard; sourceTree = "<group>"; };
		8CFE39072317BB4D009036CF /* Info.plist */ = {isa = PBXFileReference; lastKnownFileType = text.plist.xml; path = Info.plist; sourceTree = "<group>"; };
		8CFE390E2317CDF8009036CF /* SystemColor.swift */ = {isa = PBXFileReference; lastKnownFileType = sourcecode.swift; path = SystemColor.swift; sourceTree = "<group>"; };
		8CFE39112317CE35009036CF /* UIColorExtensions.swift */ = {isa = PBXFileReference; lastKnownFileType = sourcecode.swift; path = UIColorExtensions.swift; sourceTree = "<group>"; };
/* End PBXFileReference section */

/* Begin PBXFrameworksBuildPhase section */
		8CFE38F32317BB4C009036CF /* Frameworks */ = {
			isa = PBXFrameworksBuildPhase;
			buildActionMask = 2147483647;
			files = (
			);
			runOnlyForDeploymentPostprocessing = 0;
		};
/* End PBXFrameworksBuildPhase section */

/* Begin PBXGroup section */
		8CFE38ED2317BB4C009036CF = {
			isa = PBXGroup;
			children = (
				8CFE38F82317BB4C009036CF /* SystemColors */,
				8CFE38F72317BB4C009036CF /* Products */,
			);
			sourceTree = "<group>";
		};
		8CFE38F72317BB4C009036CF /* Products */ = {
			isa = PBXGroup;
			children = (
				8CFE38F62317BB4C009036CF /* SystemColors.app */,
			);
			name = Products;
			sourceTree = "<group>";
		};
		8CFE38F82317BB4C009036CF /* SystemColors */ = {
			isa = PBXGroup;
			children = (
				8CFE39102317CE25009036CF /* Extensions */,
				8CFE390D2317CDE0009036CF /* Models */,
				8CFE38F92317BB4C009036CF /* AppDelegate.swift */,
				8CFE38FB2317BB4C009036CF /* SceneDelegate.swift */,
				8CFE38FD2317BB4C009036CF /* ContentView.swift */,
				8CFE38FF2317BB4D009036CF /* Assets.xcassets */,
				8CFE39042317BB4D009036CF /* LaunchScreen.storyboard */,
				8CFE39072317BB4D009036CF /* Info.plist */,
				8CFE39012317BB4D009036CF /* Preview Content */,
			);
			path = SystemColors;
			sourceTree = "<group>";
		};
		8CFE39012317BB4D009036CF /* Preview Content */ = {
			isa = PBXGroup;
			children = (
				8CFE39022317BB4D009036CF /* Preview Assets.xcassets */,
			);
			path = "Preview Content";
			sourceTree = "<group>";
		};
		8CFE390D2317CDE0009036CF /* Models */ = {
			isa = PBXGroup;
			children = (
				8CFE390E2317CDF8009036CF /* SystemColor.swift */,
			);
			path = Models;
			sourceTree = "<group>";
		};
		8CFE39102317CE25009036CF /* Extensions */ = {
			isa = PBXGroup;
			children = (
				8CFE39112317CE35009036CF /* UIColorExtensions.swift */,
			);
			path = Extensions;
			sourceTree = "<group>";
		};
/* End PBXGroup section */

/* Begin PBXNativeTarget section */
		8CFE38F52317BB4C009036CF /* SystemColors */ = {
			isa = PBXNativeTarget;
			buildConfigurationList = 8CFE390A2317BB4D009036CF /* Build configuration list for PBXNativeTarget "SystemColors" */;
			buildPhases = (
				8CFE38F22317BB4C009036CF /* Sources */,
				8CFE38F32317BB4C009036CF /* Frameworks */,
				8CFE38F42317BB4C009036CF /* Resources */,
			);
			buildRules = (
			);
			dependencies = (
			);
			name = SystemColors;
			productName = SystemColors;
			productReference = 8CFE38F62317BB4C009036CF /* SystemColors.app */;
			productType = "com.apple.product-type.application";
		};
/* End PBXNativeTarget section */

/* Begin PBXProject section */
		8CFE38EE2317BB4C009036CF /* Project object */ = {
			isa = PBXProject;
			attributes = {
				LastSwiftUpdateCheck = 1100;
				LastUpgradeCheck = 1100;
				ORGANIZATIONNAME = "Ricardo Sánchez Sotres";
				TargetAttributes = {
					8CFE38F52317BB4C009036CF = {
						CreatedOnToolsVersion = 11.0;
					};
				};
			};
			buildConfigurationList = 8CFE38F12317BB4C009036CF /* Build configuration list for PBXProject "SystemColors" */;
			compatibilityVersion = "Xcode 9.3";
			developmentRegion = en;
			hasScannedForEncodings = 0;
			knownRegions = (
				en,
				Base,
			);
			mainGroup = 8CFE38ED2317BB4C009036CF;
			productRefGroup = 8CFE38F72317BB4C009036CF /* Products */;
			projectDirPath = "";
			projectRoot = "";
			targets = (
				8CFE38F52317BB4C009036CF /* SystemColors */,
			);
		};
/* End PBXProject section */

/* Begin PBXResourcesBuildPhase section */
		8CFE38F42317BB4C009036CF /* Resources */ = {
			isa = PBXResourcesBuildPhase;
			buildActionMask = 2147483647;
			files = (
				8CFE39062317BB4D009036CF /* LaunchScreen.storyboard in Resources */,
				8CFE39032317BB4D009036CF /* Preview Assets.xcassets in Resources */,
				8CFE39002317BB4D009036CF /* Assets.xcassets in Resources */,
			);
			runOnlyForDeploymentPostprocessing = 0;
		};
/* End PBXResourcesBuildPhase section */

/* Begin PBXSourcesBuildPhase section */
		8CFE38F22317BB4C009036CF /* Sources */ = {
			isa = PBXSourcesBuildPhase;
			buildActionMask = 2147483647;
			files = (
				8CFE390F2317CDF8009036CF /* SystemColor.swift in Sources */,
				8CFE38FA2317BB4C009036CF /* AppDelegate.swift in Sources */,
				8CFE38FC2317BB4C009036CF /* SceneDelegate.swift in Sources */,
				8CFE38FE2317BB4C009036CF /* ContentView.swift in Sources */,
				8CFE39122317CE35009036CF /* UIColorExtensions.swift in Sources */,
			);
			runOnlyForDeploymentPostprocessing = 0;
		};
/* End PBXSourcesBuildPhase section */

/* Begin PBXVariantGroup section */
		8CFE39042317BB4D009036CF /* LaunchScreen.storyboard */ = {
			isa = PBXVariantGroup;
			children = (
				8CFE39052317BB4D009036CF /* Base */,
			);
			name = LaunchScreen.storyboard;
			sourceTree = "<group>";
		};
/* End PBXVariantGroup section */

/* Begin XCBuildConfiguration section */
		8CFE39082317BB4D009036CF /* Debug */ = {
			isa = XCBuildConfiguration;
			buildSettings = {
				ALWAYS_SEARCH_USER_PATHS = NO;
				CLANG_ANALYZER_NONNULL = YES;
				CLANG_ANALYZER_NUMBER_OBJECT_CONVERSION = YES_AGGRESSIVE;
				CLANG_CXX_LANGUAGE_STANDARD = "gnu++14";
				CLANG_CXX_LIBRARY = "libc++";
				CLANG_ENABLE_MODULES = YES;
				CLANG_ENABLE_OBJC_ARC = YES;
				CLANG_ENABLE_OBJC_WEAK = YES;
				CLANG_WARN_BLOCK_CAPTURE_AUTORELEASING = YES;
				CLANG_WARN_BOOL_CONVERSION = YES;
				CLANG_WARN_COMMA = YES;
				CLANG_WARN_CONSTANT_CONVERSION = YES;
				CLANG_WARN_DEPRECATED_OBJC_IMPLEMENTATIONS = YES;
				CLANG_WARN_DIRECT_OBJC_ISA_USAGE = YES_ERROR;
				CLANG_WARN_DOCUMENTATION_COMMENTS = YES;
				CLANG_WARN_EMPTY_BODY = YES;
				CLANG_WARN_ENUM_CONVERSION = YES;
				CLANG_WARN_INFINITE_RECURSION = YES;
				CLANG_WARN_INT_CONVERSION = YES;
				CLANG_WARN_NON_LITERAL_NULL_CONVERSION = YES;
				CLANG_WARN_OBJC_IMPLICIT_RETAIN_SELF = YES;
				CLANG_WARN_OBJC_LITERAL_CONVERSION = YES;
				CLANG_WARN_OBJC_ROOT_CLASS = YES_ERROR;
				CLANG_WARN_RANGE_LOOP_ANALYSIS = YES;
				CLANG_WARN_STRICT_PROTOTYPES = YES;
				CLANG_WARN_SUSPICIOUS_MOVE = YES;
				CLANG_WARN_UNGUARDED_AVAILABILITY = YES_AGGRESSIVE;
				CLANG_WARN_UNREACHABLE_CODE = YES;
				CLANG_WARN__DUPLICATE_METHOD_MATCH = YES;
				COPY_PHASE_STRIP = NO;
				DEBUG_INFORMATION_FORMAT = dwarf;
				ENABLE_STRICT_OBJC_MSGSEND = YES;
				ENABLE_TESTABILITY = YES;
				GCC_C_LANGUAGE_STANDARD = gnu11;
				GCC_DYNAMIC_NO_PIC = NO;
				GCC_NO_COMMON_BLOCKS = YES;
				GCC_OPTIMIZATION_LEVEL = 0;
				GCC_PREPROCESSOR_DEFINITIONS = (
					"DEBUG=1",
					"$(inherited)",
				);
				GCC_WARN_64_TO_32_BIT_CONVERSION = YES;
				GCC_WARN_ABOUT_RETURN_TYPE = YES_ERROR;
				GCC_WARN_UNDECLARED_SELECTOR = YES;
				GCC_WARN_UNINITIALIZED_AUTOS = YES_AGGRESSIVE;
				GCC_WARN_UNUSED_FUNCTION = YES;
				GCC_WARN_UNUSED_VARIABLE = YES;
				IPHONEOS_DEPLOYMENT_TARGET = 13.0;
				MTL_ENABLE_DEBUG_INFO = INCLUDE_SOURCE;
				MTL_FAST_MATH = YES;
				ONLY_ACTIVE_ARCH = YES;
				SDKROOT = iphoneos;
				SWIFT_ACTIVE_COMPILATION_CONDITIONS = DEBUG;
				SWIFT_OPTIMIZATION_LEVEL = "-Onone";
			};
			name = Debug;
		};
		8CFE39092317BB4D009036CF /* Release */ = {
			isa = XCBuildConfiguration;
			buildSettings = {
				ALWAYS_SEARCH_USER_PATHS = NO;
				CLANG_ANALYZER_NONNULL = YES;
				CLANG_ANALYZER_NUMBER_OBJECT_CONVERSION = YES_AGGRESSIVE;
				CLANG_CXX_LANGUAGE_STANDARD = "gnu++14";
				CLANG_CXX_LIBRARY = "libc++";
				CLANG_ENABLE_MODULES = YES;
				CLANG_ENABLE_OBJC_ARC = YES;
				CLANG_ENABLE_OBJC_WEAK = YES;
				CLANG_WARN_BLOCK_CAPTURE_AUTORELEASING = YES;
				CLANG_WARN_BOOL_CONVERSION = YES;
				CLANG_WARN_COMMA = YES;
				CLANG_WARN_CONSTANT_CONVERSION = YES;
				CLANG_WARN_DEPRECATED_OBJC_IMPLEMENTATIONS = YES;
				CLANG_WARN_DIRECT_OBJC_ISA_USAGE = YES_ERROR;
				CLANG_WARN_DOCUMENTATION_COMMENTS = YES;
				CLANG_WARN_EMPTY_BODY = YES;
				CLANG_WARN_ENUM_CONVERSION = YES;
				CLANG_WARN_INFINITE_RECURSION = YES;
				CLANG_WARN_INT_CONVERSION = YES;
				CLANG_WARN_NON_LITERAL_NULL_CONVERSION = YES;
				CLANG_WARN_OBJC_IMPLICIT_RETAIN_SELF = YES;
				CLANG_WARN_OBJC_LITERAL_CONVERSION = YES;
				CLANG_WARN_OBJC_ROOT_CLASS = YES_ERROR;
				CLANG_WARN_RANGE_LOOP_ANALYSIS = YES;
				CLANG_WARN_STRICT_PROTOTYPES = YES;
				CLANG_WARN_SUSPICIOUS_MOVE = YES;
				CLANG_WARN_UNGUARDED_AVAILABILITY = YES_AGGRESSIVE;
				CLANG_WARN_UNREACHABLE_CODE = YES;
				CLANG_WARN__DUPLICATE_METHOD_MATCH = YES;
				COPY_PHASE_STRIP = NO;
				DEBUG_INFORMATION_FORMAT = "dwarf-with-dsym";
				ENABLE_NS_ASSERTIONS = NO;
				ENABLE_STRICT_OBJC_MSGSEND = YES;
				GCC_C_LANGUAGE_STANDARD = gnu11;
				GCC_NO_COMMON_BLOCKS = YES;
				GCC_WARN_64_TO_32_BIT_CONVERSION = YES;
				GCC_WARN_ABOUT_RETURN_TYPE = YES_ERROR;
				GCC_WARN_UNDECLARED_SELECTOR = YES;
				GCC_WARN_UNINITIALIZED_AUTOS = YES_AGGRESSIVE;
				GCC_WARN_UNUSED_FUNCTION = YES;
				GCC_WARN_UNUSED_VARIABLE = YES;
				IPHONEOS_DEPLOYMENT_TARGET = 13.0;
				MTL_ENABLE_DEBUG_INFO = NO;
				MTL_FAST_MATH = YES;
				SDKROOT = iphoneos;
				SWIFT_COMPILATION_MODE = wholemodule;
				SWIFT_OPTIMIZATION_LEVEL = "-O";
				VALIDATE_PRODUCT = YES;
			};
			name = Release;
		};
		8CFE390B2317BB4D009036CF /* Debug */ = {
			isa = XCBuildConfiguration;
			buildSettings = {
				ASSETCATALOG_COMPILER_APPICON_NAME = AppIcon;
				CODE_SIGN_STYLE = Automatic;
				DEVELOPMENT_ASSET_PATHS = "\"SystemColors/Preview Content\"";
				DEVELOPMENT_TEAM = 2M7L3CQ9R2;
				ENABLE_PREVIEWS = YES;
				INFOPLIST_FILE = SystemColors/Info.plist;
				LD_RUNPATH_SEARCH_PATHS = (
					"$(inherited)",
					"@executable_path/Frameworks",
				);
				PRODUCT_BUNDLE_IDENTIFIER = com.swiftsanchez.SystemColors;
				PRODUCT_NAME = "$(TARGET_NAME)";
				SWIFT_VERSION = 5.0;
				TARGETED_DEVICE_FAMILY = "1,2";
			};
			name = Debug;
		};
		8CFE390C2317BB4D009036CF /* Release */ = {
			isa = XCBuildConfiguration;
			buildSettings = {
				ASSETCATALOG_COMPILER_APPICON_NAME = AppIcon;
				CODE_SIGN_STYLE = Automatic;
				DEVELOPMENT_ASSET_PATHS = "\"SystemColors/Preview Content\"";
				DEVELOPMENT_TEAM = 2M7L3CQ9R2;
				ENABLE_PREVIEWS = YES;
				INFOPLIST_FILE = SystemColors/Info.plist;
				LD_RUNPATH_SEARCH_PATHS = (
					"$(inherited)",
					"@executable_path/Frameworks",
				);
				PRODUCT_BUNDLE_IDENTIFIER = com.swiftsanchez.SystemColors;
				PRODUCT_NAME = "$(TARGET_NAME)";
				SWIFT_VERSION = 5.0;
				TARGETED_DEVICE_FAMILY = "1,2";
			};
			name = Release;
		};
/* End XCBuildConfiguration section */

/* Begin XCConfigurationList section */
		8CFE38F12317BB4C009036CF /* Build configuration list for PBXProject "SystemColors" */ = {
			isa = XCConfigurationList;
			buildConfigurations = (
				8CFE39082317BB4D009036CF /* Debug */,
				8CFE39092317BB4D009036CF /* Release */,
			);
			defaultConfigurationIsVisible = 0;
			defaultConfigurationName = Release;
		};
		8CFE390A2317BB4D009036CF /* Build configuration list for PBXNativeTarget "SystemColors" */ = {
			isa = XCConfigurationList;
			buildConfigurations = (
				8CFE390B2317BB4D009036CF /* Debug */,
				8CFE390C2317BB4D009036CF /* Release */,
			);
			defaultConfigurationIsVisible = 0;
			defaultConfigurationName = Release;
		};
/* End XCConfigurationList section */
	};
	rootObject = 8CFE38EE2317BB4C009036CF /* Project object */;
}
